// !$*UTF8*$!
{
	archiveVersion = 1;
	classes = {
	};
	objectVersion = 50;
	objects = {

/* Begin PBXBuildFile section */
		678331A5238321F3002FF63C /* AppDelegate.swift in Sources */ = {isa = PBXBuildFile; fileRef = 678331A4238321F3002FF63C /* AppDelegate.swift */; };
		678331A7238321F3002FF63C /* SceneDelegate.swift in Sources */ = {isa = PBXBuildFile; fileRef = 678331A6238321F3002FF63C /* SceneDelegate.swift */; };
		678331AC238321F3002FF63C /* Main.storyboard in Resources */ = {isa = PBXBuildFile; fileRef = 678331AA238321F3002FF63C /* Main.storyboard */; };
		678331AE238321F5002FF63C /* Assets.xcassets in Resources */ = {isa = PBXBuildFile; fileRef = 678331AD238321F5002FF63C /* Assets.xcassets */; };
		678331B1238321F5002FF63C /* LaunchScreen.storyboard in Resources */ = {isa = PBXBuildFile; fileRef = 678331AF238321F5002FF63C /* LaunchScreen.storyboard */; };
		E1AD0DE1238346020078B7BA /* RecordingViewController.swift in Sources */ = {isa = PBXBuildFile; fileRef = E1AD0DE0238346020078B7BA /* RecordingViewController.swift */; };
		E1AD0DE3238346B90078B7BA /* RecordingTableViewController.swift in Sources */ = {isa = PBXBuildFile; fileRef = E1AD0DE2238346B90078B7BA /* RecordingTableViewController.swift */; };
/* End PBXBuildFile section */

/* Begin PBXFileReference section */
		678331A1238321F3002FF63C /* Recording App.app */ = {isa = PBXFileReference; explicitFileType = wrapper.application; includeInIndex = 0; path = "Recording App.app"; sourceTree = BUILT_PRODUCTS_DIR; };
		678331A4238321F3002FF63C /* AppDelegate.swift */ = {isa = PBXFileReference; lastKnownFileType = sourcecode.swift; path = AppDelegate.swift; sourceTree = "<group>"; };
		678331A6238321F3002FF63C /* SceneDelegate.swift */ = {isa = PBXFileReference; lastKnownFileType = sourcecode.swift; path = SceneDelegate.swift; sourceTree = "<group>"; };
		678331AB238321F3002FF63C /* Base */ = {isa = PBXFileReference; lastKnownFileType = file.storyboard; name = Base; path = Base.lproj/Main.storyboard; sourceTree = "<group>"; };
		678331AD238321F5002FF63C /* Assets.xcassets */ = {isa = PBXFileReference; lastKnownFileType = folder.assetcatalog; path = Assets.xcassets; sourceTree = "<group>"; };
		678331B0238321F5002FF63C /* Base */ = {isa = PBXFileReference; lastKnownFileType = file.storyboard; name = Base; path = Base.lproj/LaunchScreen.storyboard; sourceTree = "<group>"; };
		678331B2238321F5002FF63C /* Info.plist */ = {isa = PBXFileReference; lastKnownFileType = text.plist.xml; path = Info.plist; sourceTree = "<group>"; };
		E1AD0DE0238346020078B7BA /* RecordingViewController.swift */ = {isa = PBXFileReference; lastKnownFileType = sourcecode.swift; path = RecordingViewController.swift; sourceTree = "<group>"; };
		E1AD0DE2238346B90078B7BA /* RecordingTableViewController.swift */ = {isa = PBXFileReference; lastKnownFileType = sourcecode.swift; path = RecordingTableViewController.swift; sourceTree = "<group>"; };
/* End PBXFileReference section */

/* Begin PBXFrameworksBuildPhase section */
		6783319E238321F2002FF63C /* Frameworks */ = {
			isa = PBXFrameworksBuildPhase;
			buildActionMask = 2147483647;
			files = (
			);
			runOnlyForDeploymentPostprocessing = 0;
		};
/* End PBXFrameworksBuildPhase section */

/* Begin PBXGroup section */
		67833198238321F2002FF63C = {
			isa = PBXGroup;
			children = (
				678331A3238321F3002FF63C /* Recording App */,
				678331A2238321F3002FF63C /* Products */,
			);
			sourceTree = "<group>";
		};
		678331A2238321F3002FF63C /* Products */ = {
			isa = PBXGroup;
			children = (
				678331A1238321F3002FF63C /* Recording App.app */,
			);
			name = Products;
			sourceTree = "<group>";
		};
		678331A3238321F3002FF63C /* Recording App */ = {
			isa = PBXGroup;
			children = (
				E1AD0DDF238335E10078B7BA /* Resources */,
				678331AD238321F5002FF63C /* Assets.xcassets */,
				678331AA238321F3002FF63C /* Main.storyboard */,
				E1AD0DE0238346020078B7BA /* RecordingViewController.swift */,
				E1AD0DE2238346B90078B7BA /* RecordingTableViewController.swift */,
				678331B2238321F5002FF63C /* Info.plist */,
			);
			path = "Recording App";
			sourceTree = "<group>";
		};
		E1AD0DDF238335E10078B7BA /* Resources */ = {
			isa = PBXGroup;
			children = (
				678331A4238321F3002FF63C /* AppDelegate.swift */,
				678331A6238321F3002FF63C /* SceneDelegate.swift */,
				678331AF238321F5002FF63C /* LaunchScreen.storyboard */,
			);
			path = Resources;
			sourceTree = "<group>";
		};
/* End PBXGroup section */

/* Begin PBXNativeTarget section */
		678331A0238321F2002FF63C /* Recording App */ = {
			isa = PBXNativeTarget;
			buildConfigurationList = 678331B5238321F5002FF63C /* Build configuration list for PBXNativeTarget "Recording App" */;
			buildPhases = (
				6783319D238321F2002FF63C /* Sources */,
				6783319E238321F2002FF63C /* Frameworks */,
				6783319F238321F2002FF63C /* Resources */,
			);
			buildRules = (
			);
			dependencies = (
			);
			name = "Recording App";
			productName = "Recording App";
			productReference = 678331A1238321F3002FF63C /* Recording App.app */;
			productType = "com.apple.product-type.application";
		};
/* End PBXNativeTarget section */

/* Begin PBXProject section */
		67833199238321F2002FF63C /* Project object */ = {
			isa = PBXProject;
			attributes = {
				LastSwiftUpdateCheck = 1110;
				LastUpgradeCheck = 1110;
				ORGANIZATIONNAME = "Özgün Yildiz";
				TargetAttributes = {
					678331A0238321F2002FF63C = {
						CreatedOnToolsVersion = 11.1;
					};
				};
			};
			buildConfigurationList = 6783319C238321F2002FF63C /* Build configuration list for PBXProject "Recording App" */;
			compatibilityVersion = "Xcode 9.3";
			developmentRegion = en;
			hasScannedForEncodings = 0;
			knownRegions = (
				en,
				Base,
			);
			mainGroup = 67833198238321F2002FF63C;
			productRefGroup = 678331A2238321F3002FF63C /* Products */;
			projectDirPath = "";
			projectRoot = "";
			targets = (
				678331A0238321F2002FF63C /* Recording App */,
			);
		};
/* End PBXProject section */

/* Begin PBXResourcesBuildPhase section */
		6783319F238321F2002FF63C /* Resources */ = {
			isa = PBXResourcesBuildPhase;
			buildActionMask = 2147483647;
			files = (
				678331B1238321F5002FF63C /* LaunchScreen.storyboard in Resources */,
				678331AE238321F5002FF63C /* Assets.xcassets in Resources */,
				678331AC238321F3002FF63C /* Main.storyboard in Resources */,
			);
			runOnlyForDeploymentPostprocessing = 0;
		};
/* End PBXResourcesBuildPhase section */

/* Begin PBXSourcesBuildPhase section */
		6783319D238321F2002FF63C /* Sources */ = {
			isa = PBXSourcesBuildPhase;
			buildActionMask = 2147483647;
			files = (
				678331A5238321F3002FF63C /* AppDelegate.swift in Sources */,
				E1AD0DE3238346B90078B7BA /* RecordingTableViewController.swift in Sources */,
				E1AD0DE1238346020078B7BA /* RecordingViewController.swift in Sources */,
				678331A7238321F3002FF63C /* SceneDelegate.swift in Sources */,
			);
			runOnlyForDeploymentPostprocessing = 0;
		};
/* End PBXSourcesBuildPhase section */

/* Begin PBXVariantGroup section */
		678331AA238321F3002FF63C /* Main.storyboard */ = {
			isa = PBXVariantGroup;
			children = (
				678331AB238321F3002FF63C /* Base */,
			);
			name = Main.storyboard;
			sourceTree = "<group>";
		};
		678331AF238321F5002FF63C /* LaunchScreen.storyboard */ = {
			isa = PBXVariantGroup;
			children = (
				678331B0238321F5002FF63C /* Base */,
			);
			name = LaunchScreen.storyboard;
			sourceTree = "<group>";
		};
/* End PBXVariantGroup section */

/* Begin XCBuildConfiguration section */
		678331B3238321F5002FF63C /* Debug */ = {
			isa = XCBuildConfiguration;
			buildSettings = {
				ALWAYS_SEARCH_USER_PATHS = NO;
				CLANG_ANALYZER_NONNULL = YES;
				CLANG_ANALYZER_NUMBER_OBJECT_CONVERSION = YES_AGGRESSIVE;
				CLANG_CXX_LANGUAGE_STANDARD = "gnu++14";
				CLANG_CXX_LIBRARY = "libc++";
				CLANG_ENABLE_MODULES = YES;
				CLANG_ENABLE_OBJC_ARC = YES;
				CLANG_ENABLE_OBJC_WEAK = YES;
				CLANG_WARN_BLOCK_CAPTURE_AUTORELEASING = YES;
				CLANG_WARN_BOOL_CONVERSION = YES;
				CLANG_WARN_COMMA = YES;
				CLANG_WARN_CONSTANT_CONVERSION = YES;
				CLANG_WARN_DEPRECATED_OBJC_IMPLEMENTATIONS = YES;
				CLANG_WARN_DIRECT_OBJC_ISA_USAGE = YES_ERROR;
				CLANG_WARN_DOCUMENTATION_COMMENTS = YES;
				CLANG_WARN_EMPTY_BODY = YES;
				CLANG_WARN_ENUM_CONVERSION = YES;
				CLANG_WARN_INFINITE_RECURSION = YES;
				CLANG_WARN_INT_CONVERSION = YES;
				CLANG_WARN_NON_LITERAL_NULL_CONVERSION = YES;
				CLANG_WARN_OBJC_IMPLICIT_RETAIN_SELF = YES;
				CLANG_WARN_OBJC_LITERAL_CONVERSION = YES;
				CLANG_WARN_OBJC_ROOT_CLASS = YES_ERROR;
				CLANG_WARN_RANGE_LOOP_ANALYSIS = YES;
				CLANG_WARN_STRICT_PROTOTYPES = YES;
				CLANG_WARN_SUSPICIOUS_MOVE = YES;
				CLANG_WARN_UNGUARDED_AVAILABILITY = YES_AGGRESSIVE;
				CLANG_WARN_UNREACHABLE_CODE = YES;
				CLANG_WARN__DUPLICATE_METHOD_MATCH = YES;
				COPY_PHASE_STRIP = NO;
				DEBUG_INFORMATION_FORMAT = dwarf;
				ENABLE_STRICT_OBJC_MSGSEND = YES;
				ENABLE_TESTABILITY = YES;
				GCC_C_LANGUAGE_STANDARD = gnu11;
				GCC_DYNAMIC_NO_PIC = NO;
				GCC_NO_COMMON_BLOCKS = YES;
				GCC_OPTIMIZATION_LEVEL = 0;
				GCC_PREPROCESSOR_DEFINITIONS = (
					"DEBUG=1",
					"$(inherited)",
				);
				GCC_WARN_64_TO_32_BIT_CONVERSION = YES;
				GCC_WARN_ABOUT_RETURN_TYPE = YES_ERROR;
				GCC_WARN_UNDECLARED_SELECTOR = YES;
				GCC_WARN_UNINITIALIZED_AUTOS = YES_AGGRESSIVE;
				GCC_WARN_UNUSED_FUNCTION = YES;
				GCC_WARN_UNUSED_VARIABLE = YES;
				IPHONEOS_DEPLOYMENT_TARGET = 13.1;
				MTL_ENABLE_DEBUG_INFO = INCLUDE_SOURCE;
				MTL_FAST_MATH = YES;
				ONLY_ACTIVE_ARCH = YES;
				SDKROOT = iphoneos;
				SWIFT_ACTIVE_COMPILATION_CONDITIONS = DEBUG;
				SWIFT_OPTIMIZATION_LEVEL = "-Onone";
			};
			name = Debug;
		};
		678331B4238321F5002FF63C /* Release */ = {
			isa = XCBuildConfiguration;
			buildSettings = {
				ALWAYS_SEARCH_USER_PATHS = NO;
				CLANG_ANALYZER_NONNULL = YES;
				CLANG_ANALYZER_NUMBER_OBJECT_CONVERSION = YES_AGGRESSIVE;
				CLANG_CXX_LANGUAGE_STANDARD = "gnu++14";
				CLANG_CXX_LIBRARY = "libc++";
				CLANG_ENABLE_MODULES = YES;
				CLANG_ENABLE_OBJC_ARC = YES;
				CLANG_ENABLE_OBJC_WEAK = YES;
				CLANG_WARN_BLOCK_CAPTURE_AUTORELEASING = YES;
				CLANG_WARN_BOOL_CONVERSION = YES;
				CLANG_WARN_COMMA = YES;
				CLANG_WARN_CONSTANT_CONVERSION = YES;
				CLANG_WARN_DEPRECATED_OBJC_IMPLEMENTATIONS = YES;
				CLANG_WARN_DIRECT_OBJC_ISA_USAGE = YES_ERROR;
				CLANG_WARN_DOCUMENTATION_COMMENTS = YES;
				CLANG_WARN_EMPTY_BODY = YES;
				CLANG_WARN_ENUM_CONVERSION = YES;
				CLANG_WARN_INFINITE_RECURSION = YES;
				CLANG_WARN_INT_CONVERSION = YES;
				CLANG_WARN_NON_LITERAL_NULL_CONVERSION = YES;
				CLANG_WARN_OBJC_IMPLICIT_RETAIN_SELF = YES;
				CLANG_WARN_OBJC_LITERAL_CONVERSION = YES;
				CLANG_WARN_OBJC_ROOT_CLASS = YES_ERROR;
				CLANG_WARN_RANGE_LOOP_ANALYSIS = YES;
				CLANG_WARN_STRICT_PROTOTYPES = YES;
				CLANG_WARN_SUSPICIOUS_MOVE = YES;
				CLANG_WARN_UNGUARDED_AVAILABILITY = YES_AGGRESSIVE;
				CLANG_WARN_UNREACHABLE_CODE = YES;
				CLANG_WARN__DUPLICATE_METHOD_MATCH = YES;
				COPY_PHASE_STRIP = NO;
				DEBUG_INFORMATION_FORMAT = "dwarf-with-dsym";
				ENABLE_NS_ASSERTIONS = NO;
				ENABLE_STRICT_OBJC_MSGSEND = YES;
				GCC_C_LANGUAGE_STANDARD = gnu11;
				GCC_NO_COMMON_BLOCKS = YES;
				GCC_WARN_64_TO_32_BIT_CONVERSION = YES;
				GCC_WARN_ABOUT_RETURN_TYPE = YES_ERROR;
				GCC_WARN_UNDECLARED_SELECTOR = YES;
				GCC_WARN_UNINITIALIZED_AUTOS = YES_AGGRESSIVE;
				GCC_WARN_UNUSED_FUNCTION = YES;
				GCC_WARN_UNUSED_VARIABLE = YES;
				IPHONEOS_DEPLOYMENT_TARGET = 13.1;
				MTL_ENABLE_DEBUG_INFO = NO;
				MTL_FAST_MATH = YES;
				SDKROOT = iphoneos;
				SWIFT_COMPILATION_MODE = wholemodule;
				SWIFT_OPTIMIZATION_LEVEL = "-O";
				VALIDATE_PRODUCT = YES;
			};
			name = Release;
		};
		678331B6238321F5002FF63C /* Debug */ = {
			isa = XCBuildConfiguration;
			buildSettings = {
				ASSETCATALOG_COMPILER_APPICON_NAME = AppIcon;
				CODE_SIGN_STYLE = Automatic;
				INFOPLIST_FILE = "Recording App/Info.plist";
				LD_RUNPATH_SEARCH_PATHS = (
					"$(inherited)",
					"@executable_path/Frameworks",
				);
				PRODUCT_BUNDLE_IDENTIFIER = "com.o-zgu-nyildiz.Recording-App";
				PRODUCT_NAME = "$(TARGET_NAME)";
				SWIFT_VERSION = 5.0;
				TARGETED_DEVICE_FAMILY = "1,2";
			};
			name = Debug;
		};
		678331B7238321F5002FF63C /* Release */ = {
			isa = XCBuildConfiguration;
			buildSettings = {
				ASSETCATALOG_COMPILER_APPICON_NAME = AppIcon;
				CODE_SIGN_STYLE = Automatic;
				INFOPLIST_FILE = "Recording App/Info.plist";
				LD_RUNPATH_SEARCH_PATHS = (
					"$(inherited)",
					"@executable_path/Frameworks",
				);
				PRODUCT_BUNDLE_IDENTIFIER = "com.o-zgu-nyildiz.Recording-App";
				PRODUCT_NAME = "$(TARGET_NAME)";
				SWIFT_VERSION = 5.0;
				TARGETED_DEVICE_FAMILY = "1,2";
			};
			name = Release;
		};
/* End XCBuildConfiguration section */

/* Begin XCConfigurationList section */
		6783319C238321F2002FF63C /* Build configuration list for PBXProject "Recording App" */ = {
			isa = XCConfigurationList;
			buildConfigurations = (
				678331B3238321F5002FF63C /* Debug */,
				678331B4238321F5002FF63C /* Release */,
			);
			defaultConfigurationIsVisible = 0;
			defaultConfigurationName = Release;
		};
		678331B5238321F5002FF63C /* Build configuration list for PBXNativeTarget "Recording App" */ = {
			isa = XCConfigurationList;
			buildConfigurations = (
				678331B6238321F5002FF63C /* Debug */,
				678331B7238321F5002FF63C /* Release */,
			);
			defaultConfigurationIsVisible = 0;
			defaultConfigurationName = Release;
		};
/* End XCConfigurationList section */
	};
	rootObject = 67833199238321F2002FF63C /* Project object */;
}
